
Microsoft Visual Studio Solution File, Format Version 12.00
# Visual Studio Version 16
VisualStudioVersion = 16.0.30503.244
MinimumVisualStudioVersion = 10.0.40219.1
Project("{FAE04EC0-301F-11D3-BF4B-00C04F79EFBC}") = "WindowsFormsApp5", "WindowsFormsApp5\WindowsFormsApp5.csproj", "{AB26C13D-EC64-4D9B-BC05-DE262FE3DB24}"
EndProject
Global
	GlobalSection(SolutionConfigurationPlatforms) = preSolution
		Debug|Any CPU = Debug|Any CPU
		Release|Any CPU = Release|Any CPU
	EndGlobalSection
	GlobalSection(ProjectConfigurationPlatforms) = postSolution
		{AB26C13D-EC64-4D9B-BC05-DE262FE3DB24}.Debug|Any CPU.ActiveCfg = Debug|Any CPU
		{AB26C13D-EC64-4D9B-BC05-DE262FE3DB24}.Debug|Any CPU.Build.0 = Debug|Any CPU
		{AB26C13D-EC64-4D9B-BC05-DE262FE3DB24}.Release|Any CPU.ActiveCfg = Release|Any CPU
		{AB26C13D-EC64-4D9B-BC05-DE262FE3DB24}.Release|Any CPU.Build.0 = Release|Any CPU
	EndGlobalSection
	GlobalSection(SolutionProperties) = preSolution
		HideSolutionNode = FALSE
	EndGlobalSection
	GlobalSection(ExtensibilityGlobals) = postSolution
		SolutionGuid = {819D9893-2C7C-4D8D-881B-C1A07DD72B58}
	EndGlobalSection
EndGlobal
